
Microsoft Visual Studio Solution File, Format Version 12.00
# Visual Studio Version 16
VisualStudioVersion = 16.0.30711.63
MinimumVisualStudioVersion = 10.0.40219.1
Project("{9A19103F-16F7-4668-BE54-9A1E7A4F7556}") = "codeproject-search", "codeproject-search.csproj", "{573CC8D8-5855-4D9B-9E3F-5E87FE802EBE}"
EndProject
Global
	GlobalSection(SolutionConfigurationPlatforms) = preSolution
		Debug|Any CPU = Debug|Any CPU
		Release|Any CPU = Release|Any CPU
	EndGlobalSection
	GlobalSection(ProjectConfigurationPlatforms) = postSolution
		{573CC8D8-5855-4D9B-9E3F-5E87FE802EBE}.Debug|Any CPU.ActiveCfg = Debug|Any CPU
		{573CC8D8-5855-4D9B-9E3F-5E87FE802EBE}.Debug|Any CPU.Build.0 = Debug|Any CPU
		{573CC8D8-5855-4D9B-9E3F-5E87FE802EBE}.Release|Any CPU.ActiveCfg = Release|Any CPU
		{573CC8D8-5855-4D9B-9E3F-5E87FE802EBE}.Release|Any CPU.Build.0 = Release|Any CPU
	EndGlobalSection
	GlobalSection(SolutionProperties) = preSolution
		HideSolutionNode = FALSE
	EndGlobalSection
	GlobalSection(ExtensibilityGlobals) = postSolution
		SolutionGuid = {BF19B6BD-36EA-44B3-8A2C-C5DE9BB983F0}
	EndGlobalSection
EndGlobal
